
Microsoft Visual Studio Solution File, Format Version 12.00
# Visual Studio Version 17
VisualStudioVersion = 17.1.32210.238
MinimumVisualStudioVersion = 10.0.40219.1
Project("{8BC9CEB8-8B4A-11D0-8D11-00A0C91BC942}") = "Sushu_CPP", "Sushu_CPP\Sushu_CPP.vcxproj", "{527D1BFC-34C8-4C99-B09B-17B011602559}"
EndProject
Global
	GlobalSection(SolutionConfigurationPlatforms) = preSolution
		Debug|x64 = Debug|x64
		Debug|x86 = Debug|x86
		Release|x64 = Release|x64
		Release|x86 = Release|x86
	EndGlobalSection
	GlobalSection(ProjectConfigurationPlatforms) = postSolution
		{527D1BFC-34C8-4C99-B09B-17B011602559}.Debug|x64.ActiveCfg = Debug|x64
		{527D1BFC-34C8-4C99-B09B-17B011602559}.Debug|x64.Build.0 = Debug|x64
		{527D1BFC-34C8-4C99-B09B-17B011602559}.Debug|x86.ActiveCfg = Debug|Win32
		{527D1BFC-34C8-4C99-B09B-17B011602559}.Debug|x86.Build.0 = Debug|Win32
		{527D1BFC-34C8-4C99-B09B-17B011602559}.Release|x64.ActiveCfg = Release|x64
		{527D1BFC-34C8-4C99-B09B-17B011602559}.Release|x64.Build.0 = Release|x64
		{527D1BFC-34C8-4C99-B09B-17B011602559}.Release|x86.ActiveCfg = Release|Win32
		{527D1BFC-34C8-4C99-B09B-17B011602559}.Release|x86.Build.0 = Release|Win32
	EndGlobalSection
	GlobalSection(SolutionProperties) = preSolution
		HideSolutionNode = FALSE
	EndGlobalSection
	GlobalSection(ExtensibilityGlobals) = postSolution
		SolutionGuid = {9A5491D4-83F2-4B57-8A77-C4E216E1481D}
	EndGlobalSection
EndGlobal
