<?xml version="1.0" encoding="utf-8"?>
<Project ToolsVersion="4.0" xmlns="http://schemas.microsoft.com/developer/msbuild/2003">
  <ItemGroup>
    <Filter Include="Source Files">
      <UniqueIdentifier>{4FC737F1-C7A5-4376-A066-2A32D752A2FF}</UniqueIdentifier>
      <Extensions>cpp;c;cc;cxx;c++;cppm;ixx;def;odl;idl;hpj;bat;asm;asmx</Extensions>
    </Filter>
    <Filter Include="Header Files">
      <UniqueIdentifier>{93995380-89BD-4b04-88EB-625FBE52EBFB}</UniqueIdentifier>
      <Extensions>h;hh;hpp;hxx;h++;hm;inl;inc;ipp;xsd</Extensions>
    </Filter>
    <Filter Include="Resource Files">
      <UniqueIdentifier>{67DA6AB6-F800-4c08-8B7A-83BB121AAD01}</UniqueIdentifier>
      <Extensions>rc;ico;cur;bmp;dlg;rc2;rct;bin;rgs;gif;jpg;jpeg;jpe;resx;tiff;tif;png;wav;mfcribbon-ms</Extensions>
    </Filter>
  </ItemGroup>
  <ItemGroup>
    <None Include="shaders\main.frag">
      <Filter>Resource Files</Filter>
    </None>
    <None Include="shaders\main.vert">
      <Filter>Resource Files</Filter>
    </None>
    <None Include="shaders\framebuff.fs">
      <Filter>Resource Files</Filter>
    </None>
    <None Include="shaders\framebuff.vs">
      <Filter>Resource Files</Filter>
    </None>
    <None Include="shaders\exp_3d.frag">
      <Filter>Resource Files</Filter>
    </None>
    <None Include="shaders\exp_3d.vert">
      <Filter>Resource Files</Filter>
    </None>
    <None Include="shaders\exp_multi_draw_3d.vert">
      <Filter>Resource Files</Filter>
    </None>
    <None Include="shaders\exp_multi_draw_3d.frag">
      <Filter>Resource Files</Filter>
    </None>
    <None Include="shaders\FilledRectColorFixShader.frag">
      <Filter>Resource Files</Filter>
    </None>
    <None Include="shaders\FilledRectColorFixShader.vert">
      <Filter>Resource Files</Filter>
    </None>
  </ItemGroup>
  <ItemGroup>
    <Image Include="assets\images\batch_indices.png">
      <Filter>Resource Files</Filter>
    </Image>
    <Image Include="assets\images\cave.png">
      <Filter>Resource Files</Filter>
    </Image>
    <Image Include="assets\images\character.png">
      <Filter>Resource Files</Filter>
    </Image>
    <Image Include="assets\images\chinese_glyph.png">
      <Filter>Resource Files</Filter>
    </Image>
    <Image Include="assets\images\colored_tilemap.png">
      <Filter>Resource Files</Filter>
    </Image>
    <Image Include="assets\images\colored_tilemap_packed.png">
      <Filter>Resource Files</Filter>
    </Image>
    <Image Include="assets\images\font.png">
      <Filter>Resource Files</Filter>
    </Image>
    <Image Include="assets\images\Inner.png">
      <Filter>Resource Files</Filter>
    </Image>
    <Image Include="assets\images\log.png">
      <Filter>Resource Files</Filter>
    </Image>
    <Image Include="assets\images\monochrome_tilemap.png">
      <Filter>Resource Files</Filter>
    </Image>
    <Image Include="assets\images\monochrome_tilemap_packed.png">
      <Filter>Resource Files</Filter>
    </Image>
    <Image Include="assets\images\NPC_test.png">
      <Filter>Resource Files</Filter>
    </Image>
    <Image Include="assets\images\NPC_test_1.png">
      <Filter>Resource Files</Filter>
    </Image>
    <Image Include="assets\images\NPC_test_2.png">
      <Filter>Resource Files</Filter>
    </Image>
    <Image Include="assets\images\objects.png">
      <Filter>Resource Files</Filter>
    </Image>
    <Image Include="assets\images\Overworld.png">
      <Filter>Resource Files</Filter>
    </Image>
  </ItemGroup>
  <ItemGroup>
    <ClCompile Include="sources\Main.cpp">
      <Filter>Source Files</Filter>
    </ClCompile>
    <ClCompile Include="sources\Scene.cpp">
      <Filter>Source Files</Filter>
    </ClCompile>
    <ClCompile Include="sources\GameLogic.cpp">
      <Filter>Source Files</Filter>
    </ClCompile>
    <ClCompile Include="sources\Display.cpp">
      <Filter>Source Files</Filter>
    </ClCompile>
    <ClCompile Include="sources\Input.cpp">
      <Filter>Source Files</Filter>
    </ClCompile>
    <ClCompile Include="sources\Graphics.cpp">
      <Filter>Source Files</Filter>
    </ClCompile>
    <ClCompile Include="includes\Timer.cpp">
      <Filter>Source Files</Filter>
    </ClCompile>
    <ClCompile Include="sources\TimerThread.cpp">
      <Filter>Source Files</Filter>
    </ClCompile>
    <ClCompile Include="sources\Entity.cpp">
      <Filter>Source Files</Filter>
    </ClCompile>
    <ClCompile Include="sources\FilledRectColorDyn.cpp">
      <Filter>Source Files</Filter>
    </ClCompile>
    <ClCompile Include="sources\FilledRectColorFix.cpp">
      <Filter>Source Files</Filter>
    </ClCompile>
    <ClCompile Include="sources\FilledRectTexturedDyn.cpp">
      <Filter>Source Files</Filter>
    </ClCompile>
    <ClCompile Include="sources\FilledRectTexturedFix.cpp">
      <Filter>Source Files</Filter>
    </ClCompile>
    <ClCompile Include="sources\Layer.cpp">
      <Filter>Source Files</Filter>
    </ClCompile>
    <ClCompile Include="sources\Rectangle.cpp">
      <Filter>Source Files</Filter>
    </ClCompile>
    <ClCompile Include="sources\GLShader.cpp">
      <Filter>Source Files</Filter>
    </ClCompile>
    <ClCompile Include="sources\glad.c">
      <Filter>Source Files</Filter>
    </ClCompile>
  </ItemGroup>
  <ItemGroup>
    <ClInclude Include="includes\Camera.h">
      <Filter>Header Files</Filter>
    </ClInclude>
    <ClInclude Include="includes\Physics.h">
      <Filter>Header Files</Filter>
    </ClInclude>
    <ClInclude Include="includes\PreNeededInlcudes.h">
      <Filter>Header Files</Filter>
    </ClInclude>
    <ClInclude Include="includes\RawSrc.h">
      <Filter>Header Files</Filter>
    </ClInclude>
    <ClInclude Include="includes\Renderer.h">
      <Filter>Header Files</Filter>
    </ClInclude>
    <ClInclude Include="includes\Scene.h">
      <Filter>Header Files</Filter>
    </ClInclude>
    <ClInclude Include="includes\GLShader.h">
      <Filter>Header Files</Filter>
    </ClInclude>
    <ClInclude Include="includes\stb_image.h">
      <Filter>Header Files</Filter>
    </ClInclude>
    <ClInclude Include="includes\Texture.h">
      <Filter>Header Files</Filter>
    </ClInclude>
    <ClInclude Include="includes\GameLogic.h">
      <Filter>Header Files</Filter>
    </ClInclude>
    <ClInclude Include="includes\Display.h">
      <Filter>Header Files</Filter>
    </ClInclude>
    <ClInclude Include="includes\Types.h">
      <Filter>Header Files</Filter>
    </ClInclude>
    <ClInclude Include="includes\Input.h">
      <Filter>Header Files</Filter>
    </ClInclude>
    <ClInclude Include="includes\Graphics.h">
      <Filter>Header Files</Filter>
    </ClInclude>
    <ClInclude Include="includes\Timer.h">
      <Filter>Header Files</Filter>
    </ClInclude>
    <ClInclude Include="includes\TimerThread.h">
      <Filter>Header Files</Filter>
    </ClInclude>
    <ClInclude Include="includes\Entity.h">
      <Filter>Header Files</Filter>
    </ClInclude>
    <ClInclude Include="includes\FilledRectColorDyn.h">
      <Filter>Header Files</Filter>
    </ClInclude>
    <ClInclude Include="includes\FilledRectColorFix.h">
      <Filter>Header Files</Filter>
    </ClInclude>
    <ClInclude Include="includes\FilledRectTexturedDyn.h">
      <Filter>Header Files</Filter>
    </ClInclude>
    <ClInclude Include="includes\FilledRectTexturedFix.h">
      <Filter>Header Files</Filter>
    </ClInclude>
    <ClInclude Include="includes\Layer.h">
      <Filter>Header Files</Filter>
    </ClInclude>
    <ClInclude Include="includes\Rectangle.h">
      <Filter>Header Files</Filter>
    </ClInclude>
    <ClInclude Include="resource.h">
      <Filter>Header Files</Filter>
    </ClInclude>
  </ItemGroup>
  <ItemGroup>
    <ResourceCompile Include="Sushi_CPP.rc">
      <Filter>Resource Files</Filter>
    </ResourceCompile>
  </ItemGroup>
</Project>